
Microsoft Visual Studio Solution File, Format Version 12.00
# Visual Studio Version 16
VisualStudioVersion = 16.0.31702.278
MinimumVisualStudioVersion = 10.0.40219.1
Project("{FAE04EC0-301F-11D3-BF4B-00C04F79EFBC}") = "Platform", "Platform\Platform.csproj", "{5EEE17B2-383C-4C15-9A39-D7698FEEBD65}"
EndProject
Global
	GlobalSection(SolutionConfigurationPlatforms) = preSolution
		Debug|Any CPU = Debug|Any CPU
		Release|Any CPU = Release|Any CPU
	EndGlobalSection
	GlobalSection(ProjectConfigurationPlatforms) = postSolution
		{5EEE17B2-383C-4C15-9A39-D7698FEEBD65}.Debug|Any CPU.ActiveCfg = Debug|Any CPU
		{5EEE17B2-383C-4C15-9A39-D7698FEEBD65}.Debug|Any CPU.Build.0 = Debug|Any CPU
		{5EEE17B2-383C-4C15-9A39-D7698FEEBD65}.Release|Any CPU.ActiveCfg = Release|Any CPU
		{5EEE17B2-383C-4C15-9A39-D7698FEEBD65}.Release|Any CPU.Build.0 = Release|Any CPU
	EndGlobalSection
	GlobalSection(SolutionProperties) = preSolution
		HideSolutionNode = FALSE
	EndGlobalSection
	GlobalSection(ExtensibilityGlobals) = postSolution
		SolutionGuid = {8C23F781-59A1-49A5-B676-A7602585051E}
	EndGlobalSection
EndGlobal
